
Microsoft Visual Studio Solution File, Format Version 12.00
# Visual Studio Version 16
VisualStudioVersion = 16.0.32929.386
MinimumVisualStudioVersion = 10.0.40219.1
Project("{FAE04EC0-301F-11D3-BF4B-00C04F79EFBC}") = "crudOPXAM.Android", "crudOPXAM.Android\crudOPXAM.Android.csproj", "{B93D9D52-B489-427D-B01B-595789CDA792}"
EndProject
Project("{FAE04EC0-301F-11D3-BF4B-00C04F79EFBC}") = "crudOPXAM.iOS", "crudOPXAM.iOS\crudOPXAM.iOS.csproj", "{75BF55DB-5A3F-4628-9CE7-E6BC53C02C35}"
EndProject
Project("{FAE04EC0-301F-11D3-BF4B-00C04F79EFBC}") = "crudOPXAM", "crudOPXAM\crudOPXAM.csproj", "{F4011BEC-2B72-4DD0-8F32-E6D33705FD56}"
EndProject
Global
	GlobalSection(SolutionConfigurationPlatforms) = preSolution
		Debug|Any CPU = Debug|Any CPU
		Debug|iPhone = Debug|iPhone
		Debug|iPhoneSimulator = Debug|iPhoneSimulator
		Release|Any CPU = Release|Any CPU
		Release|iPhone = Release|iPhone
		Release|iPhoneSimulator = Release|iPhoneSimulator
	EndGlobalSection
	GlobalSection(ProjectConfigurationPlatforms) = postSolution
		{B93D9D52-B489-427D-B01B-595789CDA792}.Debug|Any CPU.ActiveCfg = Debug|Any CPU
		{B93D9D52-B489-427D-B01B-595789CDA792}.Debug|Any CPU.Build.0 = Debug|Any CPU
		{B93D9D52-B489-427D-B01B-595789CDA792}.Debug|Any CPU.Deploy.0 = Debug|Any CPU
		{B93D9D52-B489-427D-B01B-595789CDA792}.Debug|iPhone.ActiveCfg = Debug|Any CPU
		{B93D9D52-B489-427D-B01B-595789CDA792}.Debug|iPhone.Build.0 = Debug|Any CPU
		{B93D9D52-B489-427D-B01B-595789CDA792}.Debug|iPhone.Deploy.0 = Debug|Any CPU
		{B93D9D52-B489-427D-B01B-595789CDA792}.Debug|iPhoneSimulator.ActiveCfg = Debug|Any CPU
		{B93D9D52-B489-427D-B01B-595789CDA792}.Debug|iPhoneSimulator.Build.0 = Debug|Any CPU
		{B93D9D52-B489-427D-B01B-595789CDA792}.Debug|iPhoneSimulator.Deploy.0 = Debug|Any CPU
		{B93D9D52-B489-427D-B01B-595789CDA792}.Release|Any CPU.ActiveCfg = Release|Any CPU
		{B93D9D52-B489-427D-B01B-595789CDA792}.Release|Any CPU.Build.0 = Release|Any CPU
		{B93D9D52-B489-427D-B01B-595789CDA792}.Release|Any CPU.Deploy.0 = Release|Any CPU
		{B93D9D52-B489-427D-B01B-595789CDA792}.Release|iPhone.ActiveCfg = Release|Any CPU
		{B93D9D52-B489-427D-B01B-595789CDA792}.Release|iPhone.Build.0 = Release|Any CPU
		{B93D9D52-B489-427D-B01B-595789CDA792}.Release|iPhone.Deploy.0 = Release|Any CPU
		{B93D9D52-B489-427D-B01B-595789CDA792}.Release|iPhoneSimulator.ActiveCfg = Release|Any CPU
		{B93D9D52-B489-427D-B01B-595789CDA792}.Release|iPhoneSimulator.Build.0 = Release|Any CPU
		{B93D9D52-B489-427D-B01B-595789CDA792}.Release|iPhoneSimulator.Deploy.0 = Release|Any CPU
		{75BF55DB-5A3F-4628-9CE7-E6BC53C02C35}.Debug|Any CPU.ActiveCfg = Debug|iPhone
		{75BF55DB-5A3F-4628-9CE7-E6BC53C02C35}.Debug|Any CPU.Build.0 = Debug|iPhone
		{75BF55DB-5A3F-4628-9CE7-E6BC53C02C35}.Debug|Any CPU.Deploy.0 = Debug|iPhone
		{75BF55DB-5A3F-4628-9CE7-E6BC53C02C35}.Debug|iPhone.ActiveCfg = Debug|iPhone
		{75BF55DB-5A3F-4628-9CE7-E6BC53C02C35}.Debug|iPhone.Build.0 = Debug|iPhone
		{75BF55DB-5A3F-4628-9CE7-E6BC53C02C35}.Debug|iPhone.Deploy.0 = Debug|iPhone
		{75BF55DB-5A3F-4628-9CE7-E6BC53C02C35}.Debug|iPhoneSimulator.ActiveCfg = Debug|iPhoneSimulator
		{75BF55DB-5A3F-4628-9CE7-E6BC53C02C35}.Debug|iPhoneSimulator.Build.0 = Debug|iPhoneSimulator
		{75BF55DB-5A3F-4628-9CE7-E6BC53C02C35}.Debug|iPhoneSimulator.Deploy.0 = Debug|iPhoneSimulator
		{75BF55DB-5A3F-4628-9CE7-E6BC53C02C35}.Release|Any CPU.ActiveCfg = Release|iPhoneSimulator
		{75BF55DB-5A3F-4628-9CE7-E6BC53C02C35}.Release|Any CPU.Build.0 = Release|iPhoneSimulator
		{75BF55DB-5A3F-4628-9CE7-E6BC53C02C35}.Release|Any CPU.Deploy.0 = Release|iPhoneSimulator
		{75BF55DB-5A3F-4628-9CE7-E6BC53C02C35}.Release|iPhone.ActiveCfg = Release|iPhone
		{75BF55DB-5A3F-4628-9CE7-E6BC53C02C35}.Release|iPhone.Build.0 = Release|iPhone
		{75BF55DB-5A3F-4628-9CE7-E6BC53C02C35}.Release|iPhone.Deploy.0 = Release|iPhone
		{75BF55DB-5A3F-4628-9CE7-E6BC53C02C35}.Release|iPhoneSimulator.ActiveCfg = Release|iPhoneSimulator
		{75BF55DB-5A3F-4628-9CE7-E6BC53C02C35}.Release|iPhoneSimulator.Build.0 = Release|iPhoneSimulator
		{75BF55DB-5A3F-4628-9CE7-E6BC53C02C35}.Release|iPhoneSimulator.Deploy.0 = Release|iPhoneSimulator
		{F4011BEC-2B72-4DD0-8F32-E6D33705FD56}.Debug|Any CPU.ActiveCfg = Debug|Any CPU
		{F4011BEC-2B72-4DD0-8F32-E6D33705FD56}.Debug|Any CPU.Build.0 = Debug|Any CPU
		{F4011BEC-2B72-4DD0-8F32-E6D33705FD56}.Debug|Any CPU.Deploy.0 = Debug|Any CPU
		{F4011BEC-2B72-4DD0-8F32-E6D33705FD56}.Debug|iPhone.ActiveCfg = Debug|Any CPU
		{F4011BEC-2B72-4DD0-8F32-E6D33705FD56}.Debug|iPhone.Build.0 = Debug|Any CPU
		{F4011BEC-2B72-4DD0-8F32-E6D33705FD56}.Debug|iPhone.Deploy.0 = Debug|Any CPU
		{F4011BEC-2B72-4DD0-8F32-E6D33705FD56}.Debug|iPhoneSimulator.ActiveCfg = Debug|Any CPU
		{F4011BEC-2B72-4DD0-8F32-E6D33705FD56}.Debug|iPhoneSimulator.Build.0 = Debug|Any CPU
		{F4011BEC-2B72-4DD0-8F32-E6D33705FD56}.Debug|iPhoneSimulator.Deploy.0 = Debug|Any CPU
		{F4011BEC-2B72-4DD0-8F32-E6D33705FD56}.Release|Any CPU.ActiveCfg = Release|Any CPU
		{F4011BEC-2B72-4DD0-8F32-E6D33705FD56}.Release|Any CPU.Build.0 = Release|Any CPU
		{F4011BEC-2B72-4DD0-8F32-E6D33705FD56}.Release|Any CPU.Deploy.0 = Release|Any CPU
		{F4011BEC-2B72-4DD0-8F32-E6D33705FD56}.Release|iPhone.ActiveCfg = Release|Any CPU
		{F4011BEC-2B72-4DD0-8F32-E6D33705FD56}.Release|iPhone.Build.0 = Release|Any CPU
		{F4011BEC-2B72-4DD0-8F32-E6D33705FD56}.Release|iPhone.Deploy.0 = Release|Any CPU
		{F4011BEC-2B72-4DD0-8F32-E6D33705FD56}.Release|iPhoneSimulator.ActiveCfg = Release|Any CPU
		{F4011BEC-2B72-4DD0-8F32-E6D33705FD56}.Release|iPhoneSimulator.Build.0 = Release|Any CPU
		{F4011BEC-2B72-4DD0-8F32-E6D33705FD56}.Release|iPhoneSimulator.Deploy.0 = Release|Any CPU
	EndGlobalSection
	GlobalSection(SolutionProperties) = preSolution
		HideSolutionNode = FALSE
	EndGlobalSection
	GlobalSection(ExtensibilityGlobals) = postSolution
		SolutionGuid = {DD8CAAA7-E594-451B-B1C9-2FE5BEBF6917}
	EndGlobalSection
EndGlobal
